
Microsoft Visual Studio Solution File, Format Version 12.00
# Visual Studio Version 17
VisualStudioVersion = 17.8.34330.188
MinimumVisualStudioVersion = 10.0.40219.1
Project("{FAE04EC0-301F-11D3-BF4B-00C04F79EFBC}") = "adivinhacao", "adivinhacao\adivinhacao.csproj", "{38E12AD7-15F6-41F7-A0B2-B273A4D7465A}"
EndProject
Global
	GlobalSection(SolutionConfigurationPlatforms) = preSolution
		Debug|Any CPU = Debug|Any CPU
		Release|Any CPU = Release|Any CPU
	EndGlobalSection
	GlobalSection(ProjectConfigurationPlatforms) = postSolution
		{38E12AD7-15F6-41F7-A0B2-B273A4D7465A}.Debug|Any CPU.ActiveCfg = Debug|Any CPU
		{38E12AD7-15F6-41F7-A0B2-B273A4D7465A}.Debug|Any CPU.Build.0 = Debug|Any CPU
		{38E12AD7-15F6-41F7-A0B2-B273A4D7465A}.Release|Any CPU.ActiveCfg = Release|Any CPU
		{38E12AD7-15F6-41F7-A0B2-B273A4D7465A}.Release|Any CPU.Build.0 = Release|Any CPU
	EndGlobalSection
	GlobalSection(SolutionProperties) = preSolution
		HideSolutionNode = FALSE
	EndGlobalSection
	GlobalSection(ExtensibilityGlobals) = postSolution
		SolutionGuid = {BD49CB50-13DA-4BF5-85E4-E69D9104CA6C}
	EndGlobalSection
EndGlobal
